
Microsoft Visual Studio Solution File, Format Version 12.00
Project("{FAE04EC0-301F-11D3-BF4B-00C04F79EFBC}") = "ThreadConnections", "ThreadConnections\ThreadConnections.csproj", "{C81A84A5-5BCE-473D-8048-E9C4112A19C6}"
EndProject
Global
	GlobalSection(SolutionConfigurationPlatforms) = preSolution
		Debug|Any CPU = Debug|Any CPU
		Release|Any CPU = Release|Any CPU
	EndGlobalSection
	GlobalSection(ProjectConfigurationPlatforms) = postSolution
		{C81A84A5-5BCE-473D-8048-E9C4112A19C6}.Debug|Any CPU.ActiveCfg = Debug|Any CPU
		{C81A84A5-5BCE-473D-8048-E9C4112A19C6}.Debug|Any CPU.Build.0 = Debug|Any CPU
		{C81A84A5-5BCE-473D-8048-E9C4112A19C6}.Release|Any CPU.ActiveCfg = Release|Any CPU
		{C81A84A5-5BCE-473D-8048-E9C4112A19C6}.Release|Any CPU.Build.0 = Release|Any CPU
	EndGlobalSection
EndGlobal
